
Microsoft Visual Studio Solution File, Format Version 12.00
# Visual Studio Version 16
VisualStudioVersion = 16.0.31129.286
MinimumVisualStudioVersion = 10.0.40219.1
Project("{FAE04EC0-301F-11D3-BF4B-00C04F79EFBC}") = "Cobaltic", "Cobaltic\Cobaltic.csproj", "{7A226C5D-AABF-43FA-A3D7-FA2B7EA75128}"
EndProject
Global
	GlobalSection(SolutionConfigurationPlatforms) = preSolution
		Development|Any CPU = Development|Any CPU
		Production|Any CPU = Production|Any CPU
	EndGlobalSection
	GlobalSection(ProjectConfigurationPlatforms) = postSolution
		{7A226C5D-AABF-43FA-A3D7-FA2B7EA75128}.Development|Any CPU.ActiveCfg = Debug|Any CPU
		{7A226C5D-AABF-43FA-A3D7-FA2B7EA75128}.Development|Any CPU.Build.0 = Debug|Any CPU
		{7A226C5D-AABF-43FA-A3D7-FA2B7EA75128}.Production|Any CPU.ActiveCfg = Release|Any CPU
		{7A226C5D-AABF-43FA-A3D7-FA2B7EA75128}.Production|Any CPU.Build.0 = Release|Any CPU
	EndGlobalSection
	GlobalSection(SolutionProperties) = preSolution
		HideSolutionNode = FALSE
	EndGlobalSection
	GlobalSection(ExtensibilityGlobals) = postSolution
		SolutionGuid = {21F75DF1-8DA1-4A65-B2D9-EBB4AC5A2751}
	EndGlobalSection
EndGlobal
